
Microsoft Visual Studio Solution File, Format Version 12.00
# Visual Studio Version 16
VisualStudioVersion = 16.0.30114.105
MinimumVisualStudioVersion = 10.0.40219.1
Project("{FAE04EC0-301F-11D3-BF4B-00C04F79EFBC}") = "ProEventos.Application", "ProEventos.Application\ProEventos.Application.csproj", "{1E8DE0E3-F7CA-41B0-B4E1-88DEA8674BCC}"
EndProject
Project("{FAE04EC0-301F-11D3-BF4B-00C04F79EFBC}") = "ProEventos.Domain", "ProEventos.Domain\ProEventos.Domain.csproj", "{C824AFC9-068B-4BA0-9452-717530DC6A7F}"
EndProject
Project("{FAE04EC0-301F-11D3-BF4B-00C04F79EFBC}") = "ProEventos.API", "ProEventos.Api\ProEventos.API.csproj", "{48E70961-FA63-4780-A1AD-CE658B5B92EE}"
EndProject
Project("{FAE04EC0-301F-11D3-BF4B-00C04F79EFBC}") = "ProEventos.Persistence", "ProEventos.Persistence\ProEventos.Persistence.csproj", "{1B6EF9FC-820B-4016-BB45-7BD49A890CD7}"
EndProject
Global
	GlobalSection(SolutionConfigurationPlatforms) = preSolution
		Debug|Any CPU = Debug|Any CPU
		Debug|x64 = Debug|x64
		Debug|x86 = Debug|x86
		Release|Any CPU = Release|Any CPU
		Release|x64 = Release|x64
		Release|x86 = Release|x86
	EndGlobalSection
	GlobalSection(SolutionProperties) = preSolution
		HideSolutionNode = FALSE
	EndGlobalSection
	GlobalSection(ProjectConfigurationPlatforms) = postSolution
		{1E8DE0E3-F7CA-41B0-B4E1-88DEA8674BCC}.Debug|Any CPU.ActiveCfg = Debug|Any CPU
		{1E8DE0E3-F7CA-41B0-B4E1-88DEA8674BCC}.Debug|Any CPU.Build.0 = Debug|Any CPU
		{1E8DE0E3-F7CA-41B0-B4E1-88DEA8674BCC}.Debug|x64.ActiveCfg = Debug|Any CPU
		{1E8DE0E3-F7CA-41B0-B4E1-88DEA8674BCC}.Debug|x64.Build.0 = Debug|Any CPU
		{1E8DE0E3-F7CA-41B0-B4E1-88DEA8674BCC}.Debug|x86.ActiveCfg = Debug|Any CPU
		{1E8DE0E3-F7CA-41B0-B4E1-88DEA8674BCC}.Debug|x86.Build.0 = Debug|Any CPU
		{1E8DE0E3-F7CA-41B0-B4E1-88DEA8674BCC}.Release|Any CPU.ActiveCfg = Release|Any CPU
		{1E8DE0E3-F7CA-41B0-B4E1-88DEA8674BCC}.Release|Any CPU.Build.0 = Release|Any CPU
		{1E8DE0E3-F7CA-41B0-B4E1-88DEA8674BCC}.Release|x64.ActiveCfg = Release|Any CPU
		{1E8DE0E3-F7CA-41B0-B4E1-88DEA8674BCC}.Release|x64.Build.0 = Release|Any CPU
		{1E8DE0E3-F7CA-41B0-B4E1-88DEA8674BCC}.Release|x86.ActiveCfg = Release|Any CPU
		{1E8DE0E3-F7CA-41B0-B4E1-88DEA8674BCC}.Release|x86.Build.0 = Release|Any CPU
		{C824AFC9-068B-4BA0-9452-717530DC6A7F}.Debug|Any CPU.ActiveCfg = Debug|Any CPU
		{C824AFC9-068B-4BA0-9452-717530DC6A7F}.Debug|Any CPU.Build.0 = Debug|Any CPU
		{C824AFC9-068B-4BA0-9452-717530DC6A7F}.Debug|x64.ActiveCfg = Debug|Any CPU
		{C824AFC9-068B-4BA0-9452-717530DC6A7F}.Debug|x64.Build.0 = Debug|Any CPU
		{C824AFC9-068B-4BA0-9452-717530DC6A7F}.Debug|x86.ActiveCfg = Debug|Any CPU
		{C824AFC9-068B-4BA0-9452-717530DC6A7F}.Debug|x86.Build.0 = Debug|Any CPU
		{C824AFC9-068B-4BA0-9452-717530DC6A7F}.Release|Any CPU.ActiveCfg = Release|Any CPU
		{C824AFC9-068B-4BA0-9452-717530DC6A7F}.Release|Any CPU.Build.0 = Release|Any CPU
		{C824AFC9-068B-4BA0-9452-717530DC6A7F}.Release|x64.ActiveCfg = Release|Any CPU
		{C824AFC9-068B-4BA0-9452-717530DC6A7F}.Release|x64.Build.0 = Release|Any CPU
		{C824AFC9-068B-4BA0-9452-717530DC6A7F}.Release|x86.ActiveCfg = Release|Any CPU
		{C824AFC9-068B-4BA0-9452-717530DC6A7F}.Release|x86.Build.0 = Release|Any CPU
		{48E70961-FA63-4780-A1AD-CE658B5B92EE}.Debug|Any CPU.ActiveCfg = Debug|Any CPU
		{48E70961-FA63-4780-A1AD-CE658B5B92EE}.Debug|Any CPU.Build.0 = Debug|Any CPU
		{48E70961-FA63-4780-A1AD-CE658B5B92EE}.Debug|x64.ActiveCfg = Debug|Any CPU
		{48E70961-FA63-4780-A1AD-CE658B5B92EE}.Debug|x64.Build.0 = Debug|Any CPU
		{48E70961-FA63-4780-A1AD-CE658B5B92EE}.Debug|x86.ActiveCfg = Debug|Any CPU
		{48E70961-FA63-4780-A1AD-CE658B5B92EE}.Debug|x86.Build.0 = Debug|Any CPU
		{48E70961-FA63-4780-A1AD-CE658B5B92EE}.Release|Any CPU.ActiveCfg = Release|Any CPU
		{48E70961-FA63-4780-A1AD-CE658B5B92EE}.Release|Any CPU.Build.0 = Release|Any CPU
		{48E70961-FA63-4780-A1AD-CE658B5B92EE}.Release|x64.ActiveCfg = Release|Any CPU
		{48E70961-FA63-4780-A1AD-CE658B5B92EE}.Release|x64.Build.0 = Release|Any CPU
		{48E70961-FA63-4780-A1AD-CE658B5B92EE}.Release|x86.ActiveCfg = Release|Any CPU
		{48E70961-FA63-4780-A1AD-CE658B5B92EE}.Release|x86.Build.0 = Release|Any CPU
		{1B6EF9FC-820B-4016-BB45-7BD49A890CD7}.Debug|Any CPU.ActiveCfg = Debug|Any CPU
		{1B6EF9FC-820B-4016-BB45-7BD49A890CD7}.Debug|Any CPU.Build.0 = Debug|Any CPU
		{1B6EF9FC-820B-4016-BB45-7BD49A890CD7}.Debug|x64.ActiveCfg = Debug|Any CPU
		{1B6EF9FC-820B-4016-BB45-7BD49A890CD7}.Debug|x64.Build.0 = Debug|Any CPU
		{1B6EF9FC-820B-4016-BB45-7BD49A890CD7}.Debug|x86.ActiveCfg = Debug|Any CPU
		{1B6EF9FC-820B-4016-BB45-7BD49A890CD7}.Debug|x86.Build.0 = Debug|Any CPU
		{1B6EF9FC-820B-4016-BB45-7BD49A890CD7}.Release|Any CPU.ActiveCfg = Release|Any CPU
		{1B6EF9FC-820B-4016-BB45-7BD49A890CD7}.Release|Any CPU.Build.0 = Release|Any CPU
		{1B6EF9FC-820B-4016-BB45-7BD49A890CD7}.Release|x64.ActiveCfg = Release|Any CPU
		{1B6EF9FC-820B-4016-BB45-7BD49A890CD7}.Release|x64.Build.0 = Release|Any CPU
		{1B6EF9FC-820B-4016-BB45-7BD49A890CD7}.Release|x86.ActiveCfg = Release|Any CPU
		{1B6EF9FC-820B-4016-BB45-7BD49A890CD7}.Release|x86.Build.0 = Release|Any CPU
	EndGlobalSection
EndGlobal
